
Microsoft Visual Studio Solution File, Format Version 12.00
# Visual Studio Version 17
VisualStudioVersion = 17.9.34622.214
MinimumVisualStudioVersion = 10.0.40219.1
Project("{8BC9CEB8-8B4A-11D0-8D11-00A0C91BC942}") = "locate", "locate.vcxproj", "{90C3E977-E034-40B2-A7EA-FD35286E7A35}"
EndProject
Global
	GlobalSection(SolutionConfigurationPlatforms) = preSolution
		Debug|x64 = Debug|x64
		Release|x64 = Release|x64
	EndGlobalSection
	GlobalSection(ProjectConfigurationPlatforms) = postSolution
		{90C3E977-E034-40B2-A7EA-FD35286E7A35}.Debug|x64.ActiveCfg = Debug|x64
		{90C3E977-E034-40B2-A7EA-FD35286E7A35}.Debug|x64.Build.0 = Debug|x64
		{90C3E977-E034-40B2-A7EA-FD35286E7A35}.Release|x64.ActiveCfg = Release|x64
		{90C3E977-E034-40B2-A7EA-FD35286E7A35}.Release|x64.Build.0 = Release|x64
	EndGlobalSection
	GlobalSection(SolutionProperties) = preSolution
		HideSolutionNode = FALSE
	EndGlobalSection
	GlobalSection(ExtensibilityGlobals) = postSolution
		SolutionGuid = {78FE3FAE-FA3A-4A61-961C-99F908330BAB}
	EndGlobalSection
EndGlobal
